
Microsoft Visual Studio Solution File, Format Version 12.00
# Visual Studio Version 17
VisualStudioVersion = 17.7.34031.279
MinimumVisualStudioVersion = 10.0.40219.1
Project("{FAE04EC0-301F-11D3-BF4B-00C04F79EFBC}") = "practica 12", "practica 12\practica 12.csproj", "{779AA0BE-64D2-44DE-A77C-9DD419BFD3FB}"
EndProject
Global
	GlobalSection(SolutionConfigurationPlatforms) = preSolution
		Debug|Any CPU = Debug|Any CPU
		Release|Any CPU = Release|Any CPU
	EndGlobalSection
	GlobalSection(ProjectConfigurationPlatforms) = postSolution
		{779AA0BE-64D2-44DE-A77C-9DD419BFD3FB}.Debug|Any CPU.ActiveCfg = Debug|Any CPU
		{779AA0BE-64D2-44DE-A77C-9DD419BFD3FB}.Debug|Any CPU.Build.0 = Debug|Any CPU
		{779AA0BE-64D2-44DE-A77C-9DD419BFD3FB}.Release|Any CPU.ActiveCfg = Release|Any CPU
		{779AA0BE-64D2-44DE-A77C-9DD419BFD3FB}.Release|Any CPU.Build.0 = Release|Any CPU
	EndGlobalSection
	GlobalSection(SolutionProperties) = preSolution
		HideSolutionNode = FALSE
	EndGlobalSection
	GlobalSection(ExtensibilityGlobals) = postSolution
		SolutionGuid = {6293F284-7859-421B-870C-E8C915A64852}
	EndGlobalSection
EndGlobal
